
Microsoft Visual Studio Solution File, Format Version 12.00
# Visual Studio 15
VisualStudioVersion = 15.0.27703.2042
MinimumVisualStudioVersion = 10.0.40219.1
Project("{FAE04EC0-301F-11D3-BF4B-00C04F79EFBC}") = "ConnToSQL", "ConnToSQL\ConnToSQL.csproj", "{C3406ABF-EA69-46D0-A5AF-971252F4F3C0}"
EndProject
Global
	GlobalSection(SolutionConfigurationPlatforms) = preSolution
		Debug|Any CPU = Debug|Any CPU
		Release|Any CPU = Release|Any CPU
	EndGlobalSection
	GlobalSection(ProjectConfigurationPlatforms) = postSolution
		{C3406ABF-EA69-46D0-A5AF-971252F4F3C0}.Debug|Any CPU.ActiveCfg = Debug|Any CPU
		{C3406ABF-EA69-46D0-A5AF-971252F4F3C0}.Debug|Any CPU.Build.0 = Debug|Any CPU
		{C3406ABF-EA69-46D0-A5AF-971252F4F3C0}.Release|Any CPU.ActiveCfg = Release|Any CPU
		{C3406ABF-EA69-46D0-A5AF-971252F4F3C0}.Release|Any CPU.Build.0 = Release|Any CPU
	EndGlobalSection
	GlobalSection(SolutionProperties) = preSolution
		HideSolutionNode = FALSE
	EndGlobalSection
	GlobalSection(ExtensibilityGlobals) = postSolution
		SolutionGuid = {19C836EE-DB14-46D3-88F2-E1F0065CB2D3}
	EndGlobalSection
EndGlobal
