
Microsoft Visual Studio Solution File, Format Version 12.00
# Visual Studio 15
VisualStudioVersion = 15.0.27703.2042
MinimumVisualStudioVersion = 10.0.40219.1
Project("{FAE04EC0-301F-11D3-BF4B-00C04F79EFBC}") = "ConnectToPython", "ConnectToPython\ConnectToPython.csproj", "{25EDA77C-55AB-4BF4-B733-B69D5ACCF515}"
EndProject
Global
	GlobalSection(SolutionConfigurationPlatforms) = preSolution
		Debug|Any CPU = Debug|Any CPU
		Release|Any CPU = Release|Any CPU
	EndGlobalSection
	GlobalSection(ProjectConfigurationPlatforms) = postSolution
		{25EDA77C-55AB-4BF4-B733-B69D5ACCF515}.Debug|Any CPU.ActiveCfg = Debug|Any CPU
		{25EDA77C-55AB-4BF4-B733-B69D5ACCF515}.Debug|Any CPU.Build.0 = Debug|Any CPU
		{25EDA77C-55AB-4BF4-B733-B69D5ACCF515}.Release|Any CPU.ActiveCfg = Release|Any CPU
		{25EDA77C-55AB-4BF4-B733-B69D5ACCF515}.Release|Any CPU.Build.0 = Release|Any CPU
	EndGlobalSection
	GlobalSection(SolutionProperties) = preSolution
		HideSolutionNode = FALSE
	EndGlobalSection
	GlobalSection(ExtensibilityGlobals) = postSolution
		SolutionGuid = {DACC6F0B-1084-4FC4-A31E-AFB2D418932F}
	EndGlobalSection
EndGlobal
